
Microsoft Visual Studio Solution File, Format Version 12.00
# Visual Studio Version 17
VisualStudioVersion = 17.7.34031.279
MinimumVisualStudioVersion = 10.0.40219.1
Project("{FAE04EC0-301F-11D3-BF4B-00C04F79EFBC}") = "App", "App\App.csproj", "{B3AA8186-9272-40E4-B44C-3BA80DF13774}"
EndProject
Project("{FAE04EC0-301F-11D3-BF4B-00C04F79EFBC}") = "UnitTest", "UnitTest\UnitTest.csproj", "{D049EE8E-66F3-483F-B61B-4C5508C1928D}"
EndProject
Global
	GlobalSection(SolutionConfigurationPlatforms) = preSolution
		Debug|Any CPU = Debug|Any CPU
		Release|Any CPU = Release|Any CPU
	EndGlobalSection
	GlobalSection(ProjectConfigurationPlatforms) = postSolution
		{B3AA8186-9272-40E4-B44C-3BA80DF13774}.Debug|Any CPU.ActiveCfg = Debug|Any CPU
		{B3AA8186-9272-40E4-B44C-3BA80DF13774}.Debug|Any CPU.Build.0 = Debug|Any CPU
		{B3AA8186-9272-40E4-B44C-3BA80DF13774}.Release|Any CPU.ActiveCfg = Release|Any CPU
		{B3AA8186-9272-40E4-B44C-3BA80DF13774}.Release|Any CPU.Build.0 = Release|Any CPU
		{D049EE8E-66F3-483F-B61B-4C5508C1928D}.Debug|Any CPU.ActiveCfg = Debug|Any CPU
		{D049EE8E-66F3-483F-B61B-4C5508C1928D}.Debug|Any CPU.Build.0 = Debug|Any CPU
		{D049EE8E-66F3-483F-B61B-4C5508C1928D}.Release|Any CPU.ActiveCfg = Release|Any CPU
		{D049EE8E-66F3-483F-B61B-4C5508C1928D}.Release|Any CPU.Build.0 = Release|Any CPU
	EndGlobalSection
	GlobalSection(SolutionProperties) = preSolution
		HideSolutionNode = FALSE
	EndGlobalSection
	GlobalSection(ExtensibilityGlobals) = postSolution
		SolutionGuid = {737EC53B-6FF1-4AB9-B443-D4B2F5D8E972}
	EndGlobalSection
EndGlobal
